{
  "version": "3",
  "packages": {
    "specifiers": {
      "jsr:@std/assert": "jsr:@std/assert@0.225.1",
      "jsr:@std/fmt@^0.225.0": "jsr:@std/fmt@0.225.0",
      "jsr:@std/internal@^0.225.0": "jsr:@std/internal@0.225.0",
      "jsr:@std/testing": "jsr:@std/testing@0.224.0"
    },
    "jsr": {
      "@std/assert@0.225.1": {
        "integrity": "7342fa32a6d82c2c7c98ffea566baa9a892d04b22815b9fcf62cedeee5764f9c",
        "dependencies": [
          "jsr:@std/fmt@^0.225.0",
          "jsr:@std/internal@^0.225.0"
        ]
      },
      "@std/fmt@0.225.0": {
        "integrity": "982e7d1a8b8869338cc5b58e2669f7c6889ea9822f1278494dc43edba7f4c4b4"
      },
      "@std/internal@0.225.0": {
        "integrity": "6f501a91aa5ee992f8f9ffb45fa103bc04031df65f6a3550e1c5d7e6304cd34a"
      },
      "@std/testing@0.224.0": {
        "integrity": "371b8a929aa7132240d5dd766a439be8f780ef5c176ab194e0bcab72370c761e"
      }
    }
  },
  "remote": {}
}
