{
  "name": "xevt-node-example",
  "version": "1.0.0",
  "lockfileVersion": 3,
  "requires": true,
  "packages": {
    "": {
      "name": "xevt-node-example",
      "version": "1.0.0",
      "license": "MIT",
      "dependencies": {
        "xevt": "*"
      }
    },
    "node_modules/xevt": {
      "version": "0.3.5",
      "resolved": "https://registry.npmjs.org/xevt/-/xevt-0.3.5.tgz",
      "integrity": "sha512-9kmyupyyESfhOJY1w7fchG4ve89EIQ4STiryWUAA6txLALNhmPureVhtYSXw+thPiX5rqAb0G6Uyd1N8uIIp2A=="
    }
  }
}
